<?xml version="1.0" encoding="utf-8"?>
<Project ToolsVersion="4.0" xmlns="http://schemas.microsoft.com/developer/msbuild/2003">
  <ItemGroup>
    <Filter Include="win32">
      <UniqueIdentifier>{84a8ebd7-7cf0-47f6-b75e-d441df67da40}</UniqueIdentifier>
    </Filter>
    <Filter Include="resource">
      <UniqueIdentifier>{715254bc-d70b-4ec5-bf29-467dd3ace079}</UniqueIdentifier>
    </Filter>
    <Filter Include="src">
      <UniqueIdentifier>{bb6c862e-70e9-49d9-81b7-3829a6f50471}</UniqueIdentifier>
    </Filter>
    <Filter Include="GameElement">
      <UniqueIdentifier>{770b8c61-aeba-46af-b1c0-293a853badab}</UniqueIdentifier>
    </Filter>
  </ItemGroup>
  <ItemGroup>
    <ClCompile Include="main.cpp">
      <Filter>win32</Filter>
    </ClCompile>
    <ClCompile Include="..\Classes\AppDelegate.cpp">
      <Filter>src</Filter>
    </ClCompile>
    <ClCompile Include="..\Classes\RootScene.cpp">
      <Filter>src</Filter>
    </ClCompile>
    <ClCompile Include="..\Classes\EndVerify.cpp">
      <Filter>src</Filter>
    </ClCompile>
    <ClCompile Include="..\Classes\MySetting.cpp">
      <Filter>src</Filter>
    </ClCompile>
    <ClCompile Include="..\Classes\UDP.cpp">
      <Filter>src</Filter>
    </ClCompile>
    <ClCompile Include="..\Classes\AboutScene.cpp">
      <Filter>src</Filter>
    </ClCompile>
    <ClCompile Include="..\Classes\TransScene.cpp">
      <Filter>src</Filter>
    </ClCompile>
    <ClCompile Include="..\Classes\Game.cpp" />
    <ClCompile Include="..\Classes\GameElement\Barrack.cpp">
      <Filter>GameElement</Filter>
    </ClCompile>
    <ClCompile Include="..\Classes\GameElement\Basement.cpp">
      <Filter>GameElement</Filter>
    </ClCompile>
    <ClCompile Include="..\Classes\GameElement\Building.cpp">
      <Filter>GameElement</Filter>
    </ClCompile>
    <ClCompile Include="..\Classes\GameElement\Character.cpp">
      <Filter>GameElement</Filter>
    </ClCompile>
    <ClCompile Include="..\Classes\GameElement\Dog.cpp">
      <Filter>GameElement</Filter>
    </ClCompile>
    <ClCompile Include="..\Classes\GameElement\GameElement.cpp">
      <Filter>GameElement</Filter>
    </ClCompile>
    <ClCompile Include="..\Classes\GameElement\Infantry.cpp">
      <Filter>GameElement</Filter>
    </ClCompile>
    <ClCompile Include="..\Classes\GameElement\Minefield.cpp">
      <Filter>GameElement</Filter>
    </ClCompile>
    <ClCompile Include="..\Classes\GameElement\Powerplant.cpp">
      <Filter>GameElement</Filter>
    </ClCompile>
    <ClCompile Include="..\Classes\GameElement\Tank.cpp">
      <Filter>GameElement</Filter>
    </ClCompile>
    <ClCompile Include="..\Classes\GameElement\Warfactory.cpp">
      <Filter>GameElement</Filter>
    </ClCompile>
  </ItemGroup>
  <ItemGroup>
    <ClInclude Include="main.h">
      <Filter>win32</Filter>
    </ClInclude>
    <ClInclude Include="..\Classes\AppDelegate.h">
      <Filter>src</Filter>
    </ClInclude>
    <ClInclude Include="..\Classes\RootScene.h">
      <Filter>src</Filter>
    </ClInclude>
    <ClInclude Include="..\Classes\EndVerify.h">
      <Filter>src</Filter>
    </ClInclude>
    <ClInclude Include="..\Classes\MySetting.h">
      <Filter>src</Filter>
    </ClInclude>
    <ClInclude Include="..\Classes\UDP.h">
      <Filter>src</Filter>
    </ClInclude>
    <ClInclude Include="..\Classes\UserDefault.h">
      <Filter>src</Filter>
    </ClInclude>
    <ClInclude Include="..\Classes\AboutScene.h">
      <Filter>src</Filter>
    </ClInclude>
    <ClInclude Include="..\Classes\TransScene.h">
      <Filter>src</Filter>
    </ClInclude>
    <ClInclude Include="..\Classes\Game.h" />
    <ClInclude Include="..\Classes\GameInformation.h" />
    <ClInclude Include="..\Classes\GameElement\Barrack.h">
      <Filter>GameElement</Filter>
    </ClInclude>
    <ClInclude Include="..\Classes\GameElement\Basement.h">
      <Filter>GameElement</Filter>
    </ClInclude>
    <ClInclude Include="..\Classes\GameElement\Building.h">
      <Filter>GameElement</Filter>
    </ClInclude>
    <ClInclude Include="..\Classes\GameElement\Character.h">
      <Filter>GameElement</Filter>
    </ClInclude>
    <ClInclude Include="..\Classes\GameElement\Dog.h">
      <Filter>GameElement</Filter>
    </ClInclude>
    <ClInclude Include="..\Classes\GameElement\GameElement.h">
      <Filter>GameElement</Filter>
    </ClInclude>
    <ClInclude Include="..\Classes\GameElement\Infantry.h">
      <Filter>GameElement</Filter>
    </ClInclude>
    <ClInclude Include="..\Classes\GameElement\Minefield.h">
      <Filter>GameElement</Filter>
    </ClInclude>
    <ClInclude Include="..\Classes\GameElement\Powerplant.h">
      <Filter>GameElement</Filter>
    </ClInclude>
    <ClInclude Include="..\Classes\GameElement\Tank.h">
      <Filter>GameElement</Filter>
    </ClInclude>
    <ClInclude Include="..\Classes\GameElement\Warfactory.h">
      <Filter>GameElement</Filter>
    </ClInclude>
  </ItemGroup>
  <ItemGroup>
    <ResourceCompile Include="game.rc">
      <Filter>resource</Filter>
    </ResourceCompile>
  </ItemGroup>
</Project>